
Microsoft Visual Studio Solution File, Format Version 12.00
# Visual Studio Version 17
VisualStudioVersion = 17.5.002.0
MinimumVisualStudioVersion = 10.0.40219.1
Project("{9A19103F-16F7-4668-BE54-9A1E7A4F7556}") = "Socket.Client", "Socket.Client.csproj", "{FA53CD2F-F8B9-4732-8295-E9C82507DC1B}"
EndProject
Global
	GlobalSection(SolutionConfigurationPlatforms) = preSolution
		Debug|Any CPU = Debug|Any CPU
		Release|Any CPU = Release|Any CPU
	EndGlobalSection
	GlobalSection(ProjectConfigurationPlatforms) = postSolution
		{FA53CD2F-F8B9-4732-8295-E9C82507DC1B}.Debug|Any CPU.ActiveCfg = Debug|Any CPU
		{FA53CD2F-F8B9-4732-8295-E9C82507DC1B}.Debug|Any CPU.Build.0 = Debug|Any CPU
		{FA53CD2F-F8B9-4732-8295-E9C82507DC1B}.Release|Any CPU.ActiveCfg = Release|Any CPU
		{FA53CD2F-F8B9-4732-8295-E9C82507DC1B}.Release|Any CPU.Build.0 = Release|Any CPU
	EndGlobalSection
	GlobalSection(SolutionProperties) = preSolution
		HideSolutionNode = FALSE
	EndGlobalSection
	GlobalSection(ExtensibilityGlobals) = postSolution
		SolutionGuid = {FE86907D-D949-4A81-94AA-330D94B8E661}
	EndGlobalSection
EndGlobal
