
Microsoft Visual Studio Solution File, Format Version 12.00
# Visual Studio Version 17
VisualStudioVersion = 17.13.35828.75
MinimumVisualStudioVersion = 10.0.40219.1
Project("{9A19103F-16F7-4668-BE54-9A1E7A4F7556}") = "SqlSugar.Explore", "src\SqlSugar.Explore\SqlSugar.Explore.csproj", "{42BEA2F3-3C64-422E-AF80-1C58E03C206D}"
EndProject
Project("{9A19103F-16F7-4668-BE54-9A1E7A4F7556}") = "ConsoleApp1", "src\ConsoleApp1\ConsoleApp1.csproj", "{0F6F2EC2-D1AB-3572-F5D4-98AF12FB2E9A}"
EndProject
Project("{9A19103F-16F7-4668-BE54-9A1E7A4F7556}") = "WpfApp1", "src\WpfApp1\WpfApp1.csproj", "{F41B1E2A-1380-4344-B9D1-DEECA748D2AD}"
EndProject
Project("{9A19103F-16F7-4668-BE54-9A1E7A4F7556}") = "DbConnection", "src\DbConnection\DbConnection.csproj", "{F2955D59-1E83-4699-94BA-D5B74AB4F023}"
EndProject
Project("{2150E333-8FDC-42A3-9474-1A3956D46DE8}") = "src", "src", "{02EA681E-C7D8-13C7-8484-4AC65E1B71E8}"
EndProject
Project("{2150E333-8FDC-42A3-9474-1A3956D46DE8}") = "tests", "tests", "{B49B973C-17BA-4632-95E2-634E5008D004}"
EndProject
Project("{9A19103F-16F7-4668-BE54-9A1E7A4F7556}") = "DbConnection.Test", "tests\DbConnection.Test\DbConnection.Test.csproj", "{39FB05DC-3325-4A2D-8397-32200780C47D}"
EndProject
Project("{9A19103F-16F7-4668-BE54-9A1E7A4F7556}") = "WpfApp.Tcp", "src\WpfApp.Tcp\WpfApp.Tcp.csproj", "{F91B8D0F-7812-4E44-920E-02E0159B5A29}"
EndProject
Project("{9A19103F-16F7-4668-BE54-9A1E7A4F7556}") = "ConsoleApp2.Redis", "src\ConsoleApp2.Redis\ConsoleApp2.Redis.csproj", "{F7EAE0DC-0384-4930-885D-CF6712233235}"
EndProject
Project("{2150E333-8FDC-42A3-9474-1A3956D46DE8}") = "SignalR", "SignalR", "{136718D7-98A1-46FB-9D20-D81FAA443C4C}"
EndProject
Project("{9A19103F-16F7-4668-BE54-9A1E7A4F7556}") = "WebApplication1.SignalR", "src\WebApplication1.SignalR\WebApplication1.SignalR.csproj", "{EE71BD00-7F14-45D3-906E-85A69D4FBAAF}"
EndProject
Project("{9A19103F-16F7-4668-BE54-9A1E7A4F7556}") = "WpfApp.Communication.Client1", "src\WpfApp.Communication.Client1\WpfApp.Communication.Client1\WpfApp.Communication.Client1.csproj", "{6F88ED51-CEE3-C536-587E-8DE514B82B1F}"
EndProject
Project("{9A19103F-16F7-4668-BE54-9A1E7A4F7556}") = "WpfApp.Communication.Client2", "src\WpfApp.Communication.Client2\WpfApp.Communication.Client2.csproj", "{FACA827B-43E6-C4C6-C790-8A6CF57DF06E}"
EndProject
Project("{FAE04EC0-301F-11D3-BF4B-00C04F79EFBC}") = "ConsoleApp2", "src\ConsoleApp2\ConsoleApp2.csproj", "{914425DD-69F1-400C-9C60-344C81758C25}"
EndProject
Project("{2150E333-8FDC-42A3-9474-1A3956D46DE8}") = "NamedPipe", "NamedPipe", "{A3CE62F3-AF03-4681-B766-69B3D2BD80A1}"
EndProject
Project("{FAE04EC0-301F-11D3-BF4B-00C04F79EFBC}") = "ConsoleApp.Source", "src\ConsoleApp.Source\ConsoleApp.Source.csproj", "{3B9A73C8-4CE8-4282-9CCF-06DE0515304A}"
EndProject
Project("{FAE04EC0-301F-11D3-BF4B-00C04F79EFBC}") = "ConsoleApp.Target", "src\ConsoleApp.Target\ConsoleApp.Target.csproj", "{6D4E297D-A0ED-482C-A086-AB977E1BBF35}"
EndProject
Project("{FAE04EC0-301F-11D3-BF4B-00C04F79EFBC}") = "WpfApp2", "src\WpfApp2\WpfApp2.csproj", "{7561572F-647E-4369-9BA5-5A9D3F8DF736}"
EndProject
Project("{FAE04EC0-301F-11D3-BF4B-00C04F79EFBC}") = "ConsoleApp3", "src\ConsoleApp3\ConsoleApp3.csproj", "{48E0C8B6-F1C8-45CD-89E3-B47AB9FC875F}"
EndProject
Project("{FAE04EC0-301F-11D3-BF4B-00C04F79EFBC}") = "WebApplication1", "src\WebApplication1\WebApplication1.csproj", "{666D1ACF-A1BE-4A9C-8550-9F1E06043E08}"
EndProject
Project("{2150E333-8FDC-42A3-9474-1A3956D46DE8}") = "SerialPort", "SerialPort", "{928F47C3-6868-4336-928F-0B0DA27345BC}"
EndProject
Project("{FAE04EC0-301F-11D3-BF4B-00C04F79EFBC}") = "SerialCommunication", "src\SerialCommunication\SerialCommunication.csproj", "{3B0FBA4B-3B47-4919-8AB0-D47ECA792C23}"
EndProject
Global
	GlobalSection(SolutionConfigurationPlatforms) = preSolution
		Debug|Any CPU = Debug|Any CPU
		Release|Any CPU = Release|Any CPU
	EndGlobalSection
	GlobalSection(ProjectConfigurationPlatforms) = postSolution
		{42BEA2F3-3C64-422E-AF80-1C58E03C206D}.Debug|Any CPU.ActiveCfg = Debug|Any CPU
		{42BEA2F3-3C64-422E-AF80-1C58E03C206D}.Debug|Any CPU.Build.0 = Debug|Any CPU
		{42BEA2F3-3C64-422E-AF80-1C58E03C206D}.Release|Any CPU.ActiveCfg = Release|Any CPU
		{42BEA2F3-3C64-422E-AF80-1C58E03C206D}.Release|Any CPU.Build.0 = Release|Any CPU
		{0F6F2EC2-D1AB-3572-F5D4-98AF12FB2E9A}.Debug|Any CPU.ActiveCfg = Debug|Any CPU
		{0F6F2EC2-D1AB-3572-F5D4-98AF12FB2E9A}.Debug|Any CPU.Build.0 = Debug|Any CPU
		{0F6F2EC2-D1AB-3572-F5D4-98AF12FB2E9A}.Release|Any CPU.ActiveCfg = Release|Any CPU
		{0F6F2EC2-D1AB-3572-F5D4-98AF12FB2E9A}.Release|Any CPU.Build.0 = Release|Any CPU
		{F41B1E2A-1380-4344-B9D1-DEECA748D2AD}.Debug|Any CPU.ActiveCfg = Debug|Any CPU
		{F41B1E2A-1380-4344-B9D1-DEECA748D2AD}.Debug|Any CPU.Build.0 = Debug|Any CPU
		{F41B1E2A-1380-4344-B9D1-DEECA748D2AD}.Release|Any CPU.ActiveCfg = Release|Any CPU
		{F41B1E2A-1380-4344-B9D1-DEECA748D2AD}.Release|Any CPU.Build.0 = Release|Any CPU
		{F2955D59-1E83-4699-94BA-D5B74AB4F023}.Debug|Any CPU.ActiveCfg = Debug|Any CPU
		{F2955D59-1E83-4699-94BA-D5B74AB4F023}.Debug|Any CPU.Build.0 = Debug|Any CPU
		{F2955D59-1E83-4699-94BA-D5B74AB4F023}.Release|Any CPU.ActiveCfg = Release|Any CPU
		{F2955D59-1E83-4699-94BA-D5B74AB4F023}.Release|Any CPU.Build.0 = Release|Any CPU
		{39FB05DC-3325-4A2D-8397-32200780C47D}.Debug|Any CPU.ActiveCfg = Debug|Any CPU
		{39FB05DC-3325-4A2D-8397-32200780C47D}.Debug|Any CPU.Build.0 = Debug|Any CPU
		{39FB05DC-3325-4A2D-8397-32200780C47D}.Release|Any CPU.ActiveCfg = Release|Any CPU
		{39FB05DC-3325-4A2D-8397-32200780C47D}.Release|Any CPU.Build.0 = Release|Any CPU
		{F91B8D0F-7812-4E44-920E-02E0159B5A29}.Debug|Any CPU.ActiveCfg = Debug|Any CPU
		{F91B8D0F-7812-4E44-920E-02E0159B5A29}.Debug|Any CPU.Build.0 = Debug|Any CPU
		{F91B8D0F-7812-4E44-920E-02E0159B5A29}.Release|Any CPU.ActiveCfg = Release|Any CPU
		{F91B8D0F-7812-4E44-920E-02E0159B5A29}.Release|Any CPU.Build.0 = Release|Any CPU
		{F7EAE0DC-0384-4930-885D-CF6712233235}.Debug|Any CPU.ActiveCfg = Debug|Any CPU
		{F7EAE0DC-0384-4930-885D-CF6712233235}.Debug|Any CPU.Build.0 = Debug|Any CPU
		{F7EAE0DC-0384-4930-885D-CF6712233235}.Release|Any CPU.ActiveCfg = Release|Any CPU
		{F7EAE0DC-0384-4930-885D-CF6712233235}.Release|Any CPU.Build.0 = Release|Any CPU
		{EE71BD00-7F14-45D3-906E-85A69D4FBAAF}.Debug|Any CPU.ActiveCfg = Debug|Any CPU
		{EE71BD00-7F14-45D3-906E-85A69D4FBAAF}.Debug|Any CPU.Build.0 = Debug|Any CPU
		{EE71BD00-7F14-45D3-906E-85A69D4FBAAF}.Release|Any CPU.ActiveCfg = Release|Any CPU
		{EE71BD00-7F14-45D3-906E-85A69D4FBAAF}.Release|Any CPU.Build.0 = Release|Any CPU
		{6F88ED51-CEE3-C536-587E-8DE514B82B1F}.Debug|Any CPU.ActiveCfg = Debug|Any CPU
		{6F88ED51-CEE3-C536-587E-8DE514B82B1F}.Debug|Any CPU.Build.0 = Debug|Any CPU
		{6F88ED51-CEE3-C536-587E-8DE514B82B1F}.Release|Any CPU.ActiveCfg = Release|Any CPU
		{6F88ED51-CEE3-C536-587E-8DE514B82B1F}.Release|Any CPU.Build.0 = Release|Any CPU
		{FACA827B-43E6-C4C6-C790-8A6CF57DF06E}.Debug|Any CPU.ActiveCfg = Debug|Any CPU
		{FACA827B-43E6-C4C6-C790-8A6CF57DF06E}.Debug|Any CPU.Build.0 = Debug|Any CPU
		{FACA827B-43E6-C4C6-C790-8A6CF57DF06E}.Release|Any CPU.ActiveCfg = Release|Any CPU
		{FACA827B-43E6-C4C6-C790-8A6CF57DF06E}.Release|Any CPU.Build.0 = Release|Any CPU
		{914425DD-69F1-400C-9C60-344C81758C25}.Debug|Any CPU.ActiveCfg = Debug|Any CPU
		{914425DD-69F1-400C-9C60-344C81758C25}.Debug|Any CPU.Build.0 = Debug|Any CPU
		{914425DD-69F1-400C-9C60-344C81758C25}.Release|Any CPU.ActiveCfg = Release|Any CPU
		{914425DD-69F1-400C-9C60-344C81758C25}.Release|Any CPU.Build.0 = Release|Any CPU
		{3B9A73C8-4CE8-4282-9CCF-06DE0515304A}.Debug|Any CPU.ActiveCfg = Debug|Any CPU
		{3B9A73C8-4CE8-4282-9CCF-06DE0515304A}.Debug|Any CPU.Build.0 = Debug|Any CPU
		{3B9A73C8-4CE8-4282-9CCF-06DE0515304A}.Release|Any CPU.ActiveCfg = Release|Any CPU
		{3B9A73C8-4CE8-4282-9CCF-06DE0515304A}.Release|Any CPU.Build.0 = Release|Any CPU
		{6D4E297D-A0ED-482C-A086-AB977E1BBF35}.Debug|Any CPU.ActiveCfg = Debug|Any CPU
		{6D4E297D-A0ED-482C-A086-AB977E1BBF35}.Debug|Any CPU.Build.0 = Debug|Any CPU
		{6D4E297D-A0ED-482C-A086-AB977E1BBF35}.Release|Any CPU.ActiveCfg = Release|Any CPU
		{6D4E297D-A0ED-482C-A086-AB977E1BBF35}.Release|Any CPU.Build.0 = Release|Any CPU
		{7561572F-647E-4369-9BA5-5A9D3F8DF736}.Debug|Any CPU.ActiveCfg = Debug|Any CPU
		{7561572F-647E-4369-9BA5-5A9D3F8DF736}.Debug|Any CPU.Build.0 = Debug|Any CPU
		{7561572F-647E-4369-9BA5-5A9D3F8DF736}.Release|Any CPU.ActiveCfg = Release|Any CPU
		{7561572F-647E-4369-9BA5-5A9D3F8DF736}.Release|Any CPU.Build.0 = Release|Any CPU
		{48E0C8B6-F1C8-45CD-89E3-B47AB9FC875F}.Debug|Any CPU.ActiveCfg = Debug|Any CPU
		{48E0C8B6-F1C8-45CD-89E3-B47AB9FC875F}.Debug|Any CPU.Build.0 = Debug|Any CPU
		{48E0C8B6-F1C8-45CD-89E3-B47AB9FC875F}.Release|Any CPU.ActiveCfg = Release|Any CPU
		{48E0C8B6-F1C8-45CD-89E3-B47AB9FC875F}.Release|Any CPU.Build.0 = Release|Any CPU
		{666D1ACF-A1BE-4A9C-8550-9F1E06043E08}.Debug|Any CPU.ActiveCfg = Debug|Any CPU
		{666D1ACF-A1BE-4A9C-8550-9F1E06043E08}.Debug|Any CPU.Build.0 = Debug|Any CPU
		{666D1ACF-A1BE-4A9C-8550-9F1E06043E08}.Release|Any CPU.ActiveCfg = Release|Any CPU
		{666D1ACF-A1BE-4A9C-8550-9F1E06043E08}.Release|Any CPU.Build.0 = Release|Any CPU
		{3B0FBA4B-3B47-4919-8AB0-D47ECA792C23}.Debug|Any CPU.ActiveCfg = Debug|Any CPU
		{3B0FBA4B-3B47-4919-8AB0-D47ECA792C23}.Debug|Any CPU.Build.0 = Debug|Any CPU
		{3B0FBA4B-3B47-4919-8AB0-D47ECA792C23}.Release|Any CPU.ActiveCfg = Release|Any CPU
		{3B0FBA4B-3B47-4919-8AB0-D47ECA792C23}.Release|Any CPU.Build.0 = Release|Any CPU
	EndGlobalSection
	GlobalSection(SolutionProperties) = preSolution
		HideSolutionNode = FALSE
	EndGlobalSection
	GlobalSection(NestedProjects) = preSolution
		{42BEA2F3-3C64-422E-AF80-1C58E03C206D} = {02EA681E-C7D8-13C7-8484-4AC65E1B71E8}
		{0F6F2EC2-D1AB-3572-F5D4-98AF12FB2E9A} = {02EA681E-C7D8-13C7-8484-4AC65E1B71E8}
		{F41B1E2A-1380-4344-B9D1-DEECA748D2AD} = {02EA681E-C7D8-13C7-8484-4AC65E1B71E8}
		{F2955D59-1E83-4699-94BA-D5B74AB4F023} = {02EA681E-C7D8-13C7-8484-4AC65E1B71E8}
		{39FB05DC-3325-4A2D-8397-32200780C47D} = {B49B973C-17BA-4632-95E2-634E5008D004}
		{F91B8D0F-7812-4E44-920E-02E0159B5A29} = {02EA681E-C7D8-13C7-8484-4AC65E1B71E8}
		{F7EAE0DC-0384-4930-885D-CF6712233235} = {02EA681E-C7D8-13C7-8484-4AC65E1B71E8}
		{136718D7-98A1-46FB-9D20-D81FAA443C4C} = {02EA681E-C7D8-13C7-8484-4AC65E1B71E8}
		{EE71BD00-7F14-45D3-906E-85A69D4FBAAF} = {136718D7-98A1-46FB-9D20-D81FAA443C4C}
		{6F88ED51-CEE3-C536-587E-8DE514B82B1F} = {136718D7-98A1-46FB-9D20-D81FAA443C4C}
		{FACA827B-43E6-C4C6-C790-8A6CF57DF06E} = {136718D7-98A1-46FB-9D20-D81FAA443C4C}
		{914425DD-69F1-400C-9C60-344C81758C25} = {136718D7-98A1-46FB-9D20-D81FAA443C4C}
		{A3CE62F3-AF03-4681-B766-69B3D2BD80A1} = {02EA681E-C7D8-13C7-8484-4AC65E1B71E8}
		{3B9A73C8-4CE8-4282-9CCF-06DE0515304A} = {A3CE62F3-AF03-4681-B766-69B3D2BD80A1}
		{6D4E297D-A0ED-482C-A086-AB977E1BBF35} = {A3CE62F3-AF03-4681-B766-69B3D2BD80A1}
		{7561572F-647E-4369-9BA5-5A9D3F8DF736} = {02EA681E-C7D8-13C7-8484-4AC65E1B71E8}
		{48E0C8B6-F1C8-45CD-89E3-B47AB9FC875F} = {02EA681E-C7D8-13C7-8484-4AC65E1B71E8}
		{666D1ACF-A1BE-4A9C-8550-9F1E06043E08} = {02EA681E-C7D8-13C7-8484-4AC65E1B71E8}
		{928F47C3-6868-4336-928F-0B0DA27345BC} = {02EA681E-C7D8-13C7-8484-4AC65E1B71E8}
		{3B0FBA4B-3B47-4919-8AB0-D47ECA792C23} = {928F47C3-6868-4336-928F-0B0DA27345BC}
	EndGlobalSection
	GlobalSection(ExtensibilityGlobals) = postSolution
		SolutionGuid = {E3A5EC81-361F-4D7C-99DE-0071F629A496}
	EndGlobalSection
EndGlobal
