
Microsoft Visual Studio Solution File, Format Version 12.00
# Visual Studio Version 17
VisualStudioVersion = 17.13.35828.75
MinimumVisualStudioVersion = 10.0.40219.1
Project("{9A19103F-16F7-4668-BE54-9A1E7A4F7556}") = "SqlSugar.Explore", "src\SqlSugar.Explore\SqlSugar.Explore.csproj", "{42BEA2F3-3C64-422E-AF80-1C58E03C206D}"
EndProject
Project("{9A19103F-16F7-4668-BE54-9A1E7A4F7556}") = "ConsoleApp1", "src\ConsoleApp1\ConsoleApp1.csproj", "{0F6F2EC2-D1AB-3572-F5D4-98AF12FB2E9A}"
EndProject
Project("{FAE04EC0-301F-11D3-BF4B-00C04F79EFBC}") = "WpfApp1", "src\WpfApp1\WpfApp1.csproj", "{F41B1E2A-1380-4344-B9D1-DEECA748D2AD}"
EndProject
Project("{FAE04EC0-301F-11D3-BF4B-00C04F79EFBC}") = "DbConnection", "src\DbConnection\DbConnection.csproj", "{F2955D59-1E83-4699-94BA-D5B74AB4F023}"
EndProject
Project("{2150E333-8FDC-42A3-9474-1A3956D46DE8}") = "src", "src", "{02EA681E-C7D8-13C7-8484-4AC65E1B71E8}"
EndProject
Project("{2150E333-8FDC-42A3-9474-1A3956D46DE8}") = "tests", "tests", "{B49B973C-17BA-4632-95E2-634E5008D004}"
EndProject
Project("{FAE04EC0-301F-11D3-BF4B-00C04F79EFBC}") = "DbConnection.Test", "tests\DbConnection.Test\DbConnection.Test.csproj", "{39FB05DC-3325-4A2D-8397-32200780C47D}"
EndProject
Project("{FAE04EC0-301F-11D3-BF4B-00C04F79EFBC}") = "WpfApp.Tcp", "src\WpfApp.Tcp\WpfApp.Tcp.csproj", "{F91B8D0F-7812-4E44-920E-02E0159B5A29}"
EndProject
Project("{FAE04EC0-301F-11D3-BF4B-00C04F79EFBC}") = "WpfApp.Communication", "WpfApp.Communication\WpfApp.Communication.csproj", "{8AEA88BC-E51B-4454-B8E7-332F0901BB58}"
EndProject
Project("{FAE04EC0-301F-11D3-BF4B-00C04F79EFBC}") = "ConsoleApp2.Redis", "src\ConsoleApp2.Redis\ConsoleApp2.Redis.csproj", "{F7EAE0DC-0384-4930-885D-CF6712233235}"
EndProject
Global
	GlobalSection(SolutionConfigurationPlatforms) = preSolution
		Debug|Any CPU = Debug|Any CPU
		Release|Any CPU = Release|Any CPU
	EndGlobalSection
	GlobalSection(ProjectConfigurationPlatforms) = postSolution
		{42BEA2F3-3C64-422E-AF80-1C58E03C206D}.Debug|Any CPU.ActiveCfg = Debug|Any CPU
		{42BEA2F3-3C64-422E-AF80-1C58E03C206D}.Debug|Any CPU.Build.0 = Debug|Any CPU
		{42BEA2F3-3C64-422E-AF80-1C58E03C206D}.Release|Any CPU.ActiveCfg = Release|Any CPU
		{42BEA2F3-3C64-422E-AF80-1C58E03C206D}.Release|Any CPU.Build.0 = Release|Any CPU
		{0F6F2EC2-D1AB-3572-F5D4-98AF12FB2E9A}.Debug|Any CPU.ActiveCfg = Debug|Any CPU
		{0F6F2EC2-D1AB-3572-F5D4-98AF12FB2E9A}.Debug|Any CPU.Build.0 = Debug|Any CPU
		{0F6F2EC2-D1AB-3572-F5D4-98AF12FB2E9A}.Release|Any CPU.ActiveCfg = Release|Any CPU
		{0F6F2EC2-D1AB-3572-F5D4-98AF12FB2E9A}.Release|Any CPU.Build.0 = Release|Any CPU
		{F41B1E2A-1380-4344-B9D1-DEECA748D2AD}.Debug|Any CPU.ActiveCfg = Debug|Any CPU
		{F41B1E2A-1380-4344-B9D1-DEECA748D2AD}.Debug|Any CPU.Build.0 = Debug|Any CPU
		{F41B1E2A-1380-4344-B9D1-DEECA748D2AD}.Release|Any CPU.ActiveCfg = Release|Any CPU
		{F41B1E2A-1380-4344-B9D1-DEECA748D2AD}.Release|Any CPU.Build.0 = Release|Any CPU
		{F2955D59-1E83-4699-94BA-D5B74AB4F023}.Debug|Any CPU.ActiveCfg = Debug|Any CPU
		{F2955D59-1E83-4699-94BA-D5B74AB4F023}.Debug|Any CPU.Build.0 = Debug|Any CPU
		{F2955D59-1E83-4699-94BA-D5B74AB4F023}.Release|Any CPU.ActiveCfg = Release|Any CPU
		{F2955D59-1E83-4699-94BA-D5B74AB4F023}.Release|Any CPU.Build.0 = Release|Any CPU
		{39FB05DC-3325-4A2D-8397-32200780C47D}.Debug|Any CPU.ActiveCfg = Debug|Any CPU
		{39FB05DC-3325-4A2D-8397-32200780C47D}.Debug|Any CPU.Build.0 = Debug|Any CPU
		{39FB05DC-3325-4A2D-8397-32200780C47D}.Release|Any CPU.ActiveCfg = Release|Any CPU
		{39FB05DC-3325-4A2D-8397-32200780C47D}.Release|Any CPU.Build.0 = Release|Any CPU
		{F91B8D0F-7812-4E44-920E-02E0159B5A29}.Debug|Any CPU.ActiveCfg = Debug|Any CPU
		{F91B8D0F-7812-4E44-920E-02E0159B5A29}.Debug|Any CPU.Build.0 = Debug|Any CPU
		{F91B8D0F-7812-4E44-920E-02E0159B5A29}.Release|Any CPU.ActiveCfg = Release|Any CPU
		{F91B8D0F-7812-4E44-920E-02E0159B5A29}.Release|Any CPU.Build.0 = Release|Any CPU
		{8AEA88BC-E51B-4454-B8E7-332F0901BB58}.Debug|Any CPU.ActiveCfg = Debug|Any CPU
		{8AEA88BC-E51B-4454-B8E7-332F0901BB58}.Debug|Any CPU.Build.0 = Debug|Any CPU
		{8AEA88BC-E51B-4454-B8E7-332F0901BB58}.Release|Any CPU.ActiveCfg = Release|Any CPU
		{8AEA88BC-E51B-4454-B8E7-332F0901BB58}.Release|Any CPU.Build.0 = Release|Any CPU
		{F7EAE0DC-0384-4930-885D-CF6712233235}.Debug|Any CPU.ActiveCfg = Debug|Any CPU
		{F7EAE0DC-0384-4930-885D-CF6712233235}.Debug|Any CPU.Build.0 = Debug|Any CPU
		{F7EAE0DC-0384-4930-885D-CF6712233235}.Release|Any CPU.ActiveCfg = Release|Any CPU
		{F7EAE0DC-0384-4930-885D-CF6712233235}.Release|Any CPU.Build.0 = Release|Any CPU
	EndGlobalSection
	GlobalSection(SolutionProperties) = preSolution
		HideSolutionNode = FALSE
	EndGlobalSection
	GlobalSection(NestedProjects) = preSolution
		{42BEA2F3-3C64-422E-AF80-1C58E03C206D} = {02EA681E-C7D8-13C7-8484-4AC65E1B71E8}
		{0F6F2EC2-D1AB-3572-F5D4-98AF12FB2E9A} = {02EA681E-C7D8-13C7-8484-4AC65E1B71E8}
		{F41B1E2A-1380-4344-B9D1-DEECA748D2AD} = {02EA681E-C7D8-13C7-8484-4AC65E1B71E8}
		{F2955D59-1E83-4699-94BA-D5B74AB4F023} = {02EA681E-C7D8-13C7-8484-4AC65E1B71E8}
		{39FB05DC-3325-4A2D-8397-32200780C47D} = {B49B973C-17BA-4632-95E2-634E5008D004}
		{F91B8D0F-7812-4E44-920E-02E0159B5A29} = {02EA681E-C7D8-13C7-8484-4AC65E1B71E8}
		{8AEA88BC-E51B-4454-B8E7-332F0901BB58} = {02EA681E-C7D8-13C7-8484-4AC65E1B71E8}
		{F7EAE0DC-0384-4930-885D-CF6712233235} = {02EA681E-C7D8-13C7-8484-4AC65E1B71E8}
	EndGlobalSection
	GlobalSection(ExtensibilityGlobals) = postSolution
		SolutionGuid = {E3A5EC81-361F-4D7C-99DE-0071F629A496}
	EndGlobalSection
EndGlobal
