Microsoft Visual Studio Solution File, Format Version 12.00
# Visual Studio Version 17
VisualStudioVersion = 17.5.2.0
MinimumVisualStudioVersion = 10.0.40219.1
Project("{FAE04EC0-301F-11D3-BF4B-00C04F79EFBC}") = "WebApplication1.SignalR", "WebApplication1.SignalR.csproj", "{35F01017-D267-5F8E-596A-C0B0B5B76094}"
EndProject
Global
	GlobalSection(SolutionConfigurationPlatforms) = preSolution
		Debug|Any CPU = Debug|Any CPU
		Release|Any CPU = Release|Any CPU
	EndGlobalSection
	GlobalSection(ProjectConfigurationPlatforms) = postSolution
		{35F01017-D267-5F8E-596A-C0B0B5B76094}.Debug|Any CPU.ActiveCfg = Debug|Any CPU
		{35F01017-D267-5F8E-596A-C0B0B5B76094}.Debug|Any CPU.Build.0 = Debug|Any CPU
		{35F01017-D267-5F8E-596A-C0B0B5B76094}.Release|Any CPU.ActiveCfg = Release|Any CPU
		{35F01017-D267-5F8E-596A-C0B0B5B76094}.Release|Any CPU.Build.0 = Release|Any CPU
	EndGlobalSection
	GlobalSection(SolutionProperties) = preSolution
		HideSolutionNode = FALSE
	EndGlobalSection
	GlobalSection(ExtensibilityGlobals) = postSolution
		SolutionGuid = {34DFBD6D-8A51-4664-9177-1AF1BA84AF6C}
	EndGlobalSection
EndGlobal
